// !$*UTF8*$!
{
	archiveVersion = 1;
	classes = {
	};
	objectVersion = 50;
	objects = {

/* Begin PBXBuildFile section */
		CF998A7B2713809C00FD6D6A /* AppDelegate.swift in Sources */ = {isa = PBXBuildFile; fileRef = CF998A7A2713809C00FD6D6A /* AppDelegate.swift */; };
		CF998A7D2713809C00FD6D6A /* SceneDelegate.swift in Sources */ = {isa = PBXBuildFile; fileRef = CF998A7C2713809C00FD6D6A /* SceneDelegate.swift */; };
		CF998A7F2713809C00FD6D6A /* ViewController.swift in Sources */ = {isa = PBXBuildFile; fileRef = CF998A7E2713809C00FD6D6A /* ViewController.swift */; };
		CF998A822713809C00FD6D6A /* Main.storyboard in Resources */ = {isa = PBXBuildFile; fileRef = CF998A802713809C00FD6D6A /* Main.storyboard */; };
		CF998A842713809E00FD6D6A /* Assets.xcassets in Resources */ = {isa = PBXBuildFile; fileRef = CF998A832713809E00FD6D6A /* Assets.xcassets */; };
		CF998A872713809E00FD6D6A /* LaunchScreen.storyboard in Resources */ = {isa = PBXBuildFile; fileRef = CF998A852713809E00FD6D6A /* LaunchScreen.storyboard */; };
		CF998A922713809E00FD6D6A /* PreworkTests.swift in Sources */ = {isa = PBXBuildFile; fileRef = CF998A912713809E00FD6D6A /* PreworkTests.swift */; };
		CF998A9D2713809E00FD6D6A /* PreworkUITests.swift in Sources */ = {isa = PBXBuildFile; fileRef = CF998A9C2713809E00FD6D6A /* PreworkUITests.swift */; };
/* End PBXBuildFile section */

/* Begin PBXContainerItemProxy section */
		CF998A8E2713809E00FD6D6A /* PBXContainerItemProxy */ = {
			isa = PBXContainerItemProxy;
			containerPortal = CF998A6F2713809C00FD6D6A /* Project object */;
			proxyType = 1;
			remoteGlobalIDString = CF998A762713809C00FD6D6A;
			remoteInfo = Prework;
		};
		CF998A992713809E00FD6D6A /* PBXContainerItemProxy */ = {
			isa = PBXContainerItemProxy;
			containerPortal = CF998A6F2713809C00FD6D6A /* Project object */;
			proxyType = 1;
			remoteGlobalIDString = CF998A762713809C00FD6D6A;
			remoteInfo = Prework;
		};
/* End PBXContainerItemProxy section */

/* Begin PBXFileReference section */
		CF998A772713809C00FD6D6A /* Prework.app */ = {isa = PBXFileReference; explicitFileType = wrapper.application; includeInIndex = 0; path = Prework.app; sourceTree = BUILT_PRODUCTS_DIR; };
		CF998A7A2713809C00FD6D6A /* AppDelegate.swift */ = {isa = PBXFileReference; lastKnownFileType = sourcecode.swift; path = AppDelegate.swift; sourceTree = "<group>"; };
		CF998A7C2713809C00FD6D6A /* SceneDelegate.swift */ = {isa = PBXFileReference; lastKnownFileType = sourcecode.swift; path = SceneDelegate.swift; sourceTree = "<group>"; };
		CF998A7E2713809C00FD6D6A /* ViewController.swift */ = {isa = PBXFileReference; lastKnownFileType = sourcecode.swift; path = ViewController.swift; sourceTree = "<group>"; };
		CF998A812713809C00FD6D6A /* Base */ = {isa = PBXFileReference; lastKnownFileType = file.storyboard; name = Base; path = Base.lproj/Main.storyboard; sourceTree = "<group>"; };
		CF998A832713809E00FD6D6A /* Assets.xcassets */ = {isa = PBXFileReference; lastKnownFileType = folder.assetcatalog; path = Assets.xcassets; sourceTree = "<group>"; };
		CF998A862713809E00FD6D6A /* Base */ = {isa = PBXFileReference; lastKnownFileType = file.storyboard; name = Base; path = Base.lproj/LaunchScreen.storyboard; sourceTree = "<group>"; };
		CF998A882713809E00FD6D6A /* Info.plist */ = {isa = PBXFileReference; lastKnownFileType = text.plist.xml; path = Info.plist; sourceTree = "<group>"; };
		CF998A8D2713809E00FD6D6A /* PreworkTests.xctest */ = {isa = PBXFileReference; explicitFileType = wrapper.cfbundle; includeInIndex = 0; path = PreworkTests.xctest; sourceTree = BUILT_PRODUCTS_DIR; };
		CF998A912713809E00FD6D6A /* PreworkTests.swift */ = {isa = PBXFileReference; lastKnownFileType = sourcecode.swift; path = PreworkTests.swift; sourceTree = "<group>"; };
		CF998A932713809E00FD6D6A /* Info.plist */ = {isa = PBXFileReference; lastKnownFileType = text.plist.xml; path = Info.plist; sourceTree = "<group>"; };
		CF998A982713809E00FD6D6A /* PreworkUITests.xctest */ = {isa = PBXFileReference; explicitFileType = wrapper.cfbundle; includeInIndex = 0; path = PreworkUITests.xctest; sourceTree = BUILT_PRODUCTS_DIR; };
		CF998A9C2713809E00FD6D6A /* PreworkUITests.swift */ = {isa = PBXFileReference; lastKnownFileType = sourcecode.swift; path = PreworkUITests.swift; sourceTree = "<group>"; };
		CF998A9E2713809E00FD6D6A /* Info.plist */ = {isa = PBXFileReference; lastKnownFileType = text.plist.xml; path = Info.plist; sourceTree = "<group>"; };
/* End PBXFileReference section */

/* Begin PBXFrameworksBuildPhase section */
		CF998A742713809C00FD6D6A /* Frameworks */ = {
			isa = PBXFrameworksBuildPhase;
			buildActionMask = 2147483647;
			files = (
			);
			runOnlyForDeploymentPostprocessing = 0;
		};
		CF998A8A2713809E00FD6D6A /* Frameworks */ = {
			isa = PBXFrameworksBuildPhase;
			buildActionMask = 2147483647;
			files = (
			);
			runOnlyForDeploymentPostprocessing = 0;
		};
		CF998A952713809E00FD6D6A /* Frameworks */ = {
			isa = PBXFrameworksBuildPhase;
			buildActionMask = 2147483647;
			files = (
			);
			runOnlyForDeploymentPostprocessing = 0;
		};
/* End PBXFrameworksBuildPhase section */

/* Begin PBXGroup section */
		CF998A6E2713809C00FD6D6A = {
			isa = PBXGroup;
			children = (
				CF998A792713809C00FD6D6A /* Prework */,
				CF998A902713809E00FD6D6A /* PreworkTests */,
				CF998A9B2713809E00FD6D6A /* PreworkUITests */,
				CF998A782713809C00FD6D6A /* Products */,
			);
			sourceTree = "<group>";
		};
		CF998A782713809C00FD6D6A /* Products */ = {
			isa = PBXGroup;
			children = (
				CF998A772713809C00FD6D6A /* Prework.app */,
				CF998A8D2713809E00FD6D6A /* PreworkTests.xctest */,
				CF998A982713809E00FD6D6A /* PreworkUITests.xctest */,
			);
			name = Products;
			sourceTree = "<group>";
		};
		CF998A792713809C00FD6D6A /* Prework */ = {
			isa = PBXGroup;
			children = (
				CF998A7A2713809C00FD6D6A /* AppDelegate.swift */,
				CF998A7C2713809C00FD6D6A /* SceneDelegate.swift */,
				CF998A7E2713809C00FD6D6A /* ViewController.swift */,
				CF998A802713809C00FD6D6A /* Main.storyboard */,
				CF998A832713809E00FD6D6A /* Assets.xcassets */,
				CF998A852713809E00FD6D6A /* LaunchScreen.storyboard */,
				CF998A882713809E00FD6D6A /* Info.plist */,
			);
			path = Prework;
			sourceTree = "<group>";
		};
		CF998A902713809E00FD6D6A /* PreworkTests */ = {
			isa = PBXGroup;
			children = (
				CF998A912713809E00FD6D6A /* PreworkTests.swift */,
				CF998A932713809E00FD6D6A /* Info.plist */,
			);
			path = PreworkTests;
			sourceTree = "<group>";
		};
		CF998A9B2713809E00FD6D6A /* PreworkUITests */ = {
			isa = PBXGroup;
			children = (
				CF998A9C2713809E00FD6D6A /* PreworkUITests.swift */,
				CF998A9E2713809E00FD6D6A /* Info.plist */,
			);
			path = PreworkUITests;
			sourceTree = "<group>";
		};
/* End PBXGroup section */

/* Begin PBXNativeTarget section */
		CF998A762713809C00FD6D6A /* Prework */ = {
			isa = PBXNativeTarget;
			buildConfigurationList = CF998AA12713809E00FD6D6A /* Build configuration list for PBXNativeTarget "Prework" */;
			buildPhases = (
				CF998A732713809C00FD6D6A /* Sources */,
				CF998A742713809C00FD6D6A /* Frameworks */,
				CF998A752713809C00FD6D6A /* Resources */,
			);
			buildRules = (
			);
			dependencies = (
			);
			name = Prework;
			productName = Prework;
			productReference = CF998A772713809C00FD6D6A /* Prework.app */;
			productType = "com.apple.product-type.application";
		};
		CF998A8C2713809E00FD6D6A /* PreworkTests */ = {
			isa = PBXNativeTarget;
			buildConfigurationList = CF998AA42713809E00FD6D6A /* Build configuration list for PBXNativeTarget "PreworkTests" */;
			buildPhases = (
				CF998A892713809E00FD6D6A /* Sources */,
				CF998A8A2713809E00FD6D6A /* Frameworks */,
				CF998A8B2713809E00FD6D6A /* Resources */,
			);
			buildRules = (
			);
			dependencies = (
				CF998A8F2713809E00FD6D6A /* PBXTargetDependency */,
			);
			name = PreworkTests;
			productName = PreworkTests;
			productReference = CF998A8D2713809E00FD6D6A /* PreworkTests.xctest */;
			productType = "com.apple.product-type.bundle.unit-test";
		};
		CF998A972713809E00FD6D6A /* PreworkUITests */ = {
			isa = PBXNativeTarget;
			buildConfigurationList = CF998AA72713809E00FD6D6A /* Build configuration list for PBXNativeTarget "PreworkUITests" */;
			buildPhases = (
				CF998A942713809E00FD6D6A /* Sources */,
				CF998A952713809E00FD6D6A /* Frameworks */,
				CF998A962713809E00FD6D6A /* Resources */,
			);
			buildRules = (
			);
			dependencies = (
				CF998A9A2713809E00FD6D6A /* PBXTargetDependency */,
			);
			name = PreworkUITests;
			productName = PreworkUITests;
			productReference = CF998A982713809E00FD6D6A /* PreworkUITests.xctest */;
			productType = "com.apple.product-type.bundle.ui-testing";
		};
/* End PBXNativeTarget section */

/* Begin PBXProject section */
		CF998A6F2713809C00FD6D6A /* Project object */ = {
			isa = PBXProject;
			attributes = {
				LastSwiftUpdateCheck = 1250;
				LastUpgradeCheck = 1250;
				TargetAttributes = {
					CF998A762713809C00FD6D6A = {
						CreatedOnToolsVersion = 12.5.1;
					};
					CF998A8C2713809E00FD6D6A = {
						CreatedOnToolsVersion = 12.5.1;
						TestTargetID = CF998A762713809C00FD6D6A;
					};
					CF998A972713809E00FD6D6A = {
						CreatedOnToolsVersion = 12.5.1;
						TestTargetID = CF998A762713809C00FD6D6A;
					};
				};
			};
			buildConfigurationList = CF998A722713809C00FD6D6A /* Build configuration list for PBXProject "Prework" */;
			compatibilityVersion = "Xcode 9.3";
			developmentRegion = en;
			hasScannedForEncodings = 0;
			knownRegions = (
				en,
				Base,
			);
			mainGroup = CF998A6E2713809C00FD6D6A;
			productRefGroup = CF998A782713809C00FD6D6A /* Products */;
			projectDirPath = "";
			projectRoot = "";
			targets = (
				CF998A762713809C00FD6D6A /* Prework */,
				CF998A8C2713809E00FD6D6A /* PreworkTests */,
				CF998A972713809E00FD6D6A /* PreworkUITests */,
			);
		};
/* End PBXProject section */

/* Begin PBXResourcesBuildPhase section */
		CF998A752713809C00FD6D6A /* Resources */ = {
			isa = PBXResourcesBuildPhase;
			buildActionMask = 2147483647;
			files = (
				CF998A872713809E00FD6D6A /* LaunchScreen.storyboard in Resources */,
				CF998A842713809E00FD6D6A /* Assets.xcassets in Resources */,
				CF998A822713809C00FD6D6A /* Main.storyboard in Resources */,
			);
			runOnlyForDeploymentPostprocessing = 0;
		};
		CF998A8B2713809E00FD6D6A /* Resources */ = {
			isa = PBXResourcesBuildPhase;
			buildActionMask = 2147483647;
			files = (
			);
			runOnlyForDeploymentPostprocessing = 0;
		};
		CF998A962713809E00FD6D6A /* Resources */ = {
			isa = PBXResourcesBuildPhase;
			buildActionMask = 2147483647;
			files = (
			);
			runOnlyForDeploymentPostprocessing = 0;
		};
/* End PBXResourcesBuildPhase section */

/* Begin PBXSourcesBuildPhase section */
		CF998A732713809C00FD6D6A /* Sources */ = {
			isa = PBXSourcesBuildPhase;
			buildActionMask = 2147483647;
			files = (
				CF998A7F2713809C00FD6D6A /* ViewController.swift in Sources */,
				CF998A7B2713809C00FD6D6A /* AppDelegate.swift in Sources */,
				CF998A7D2713809C00FD6D6A /* SceneDelegate.swift in Sources */,
			);
			runOnlyForDeploymentPostprocessing = 0;
		};
		CF998A892713809E00FD6D6A /* Sources */ = {
			isa = PBXSourcesBuildPhase;
			buildActionMask = 2147483647;
			files = (
				CF998A922713809E00FD6D6A /* PreworkTests.swift in Sources */,
			);
			runOnlyForDeploymentPostprocessing = 0;
		};
		CF998A942713809E00FD6D6A /* Sources */ = {
			isa = PBXSourcesBuildPhase;
			buildActionMask = 2147483647;
			files = (
				CF998A9D2713809E00FD6D6A /* PreworkUITests.swift in Sources */,
			);
			runOnlyForDeploymentPostprocessing = 0;
		};
/* End PBXSourcesBuildPhase section */

/* Begin PBXTargetDependency section */
		CF998A8F2713809E00FD6D6A /* PBXTargetDependency */ = {
			isa = PBXTargetDependency;
			target = CF998A762713809C00FD6D6A /* Prework */;
			targetProxy = CF998A8E2713809E00FD6D6A /* PBXContainerItemProxy */;
		};
		CF998A9A2713809E00FD6D6A /* PBXTargetDependency */ = {
			isa = PBXTargetDependency;
			target = CF998A762713809C00FD6D6A /* Prework */;
			targetProxy = CF998A992713809E00FD6D6A /* PBXContainerItemProxy */;
		};
/* End PBXTargetDependency section */

/* Begin PBXVariantGroup section */
		CF998A802713809C00FD6D6A /* Main.storyboard */ = {
			isa = PBXVariantGroup;
			children = (
				CF998A812713809C00FD6D6A /* Base */,
			);
			name = Main.storyboard;
			sourceTree = "<group>";
		};
		CF998A852713809E00FD6D6A /* LaunchScreen.storyboard */ = {
			isa = PBXVariantGroup;
			children = (
				CF998A862713809E00FD6D6A /* Base */,
			);
			name = LaunchScreen.storyboard;
			sourceTree = "<group>";
		};
/* End PBXVariantGroup section */

/* Begin XCBuildConfiguration section */
		CF998A9F2713809E00FD6D6A /* Debug */ = {
			isa = XCBuildConfiguration;
			buildSettings = {
				ALWAYS_SEARCH_USER_PATHS = NO;
				CLANG_ANALYZER_NONNULL = YES;
				CLANG_ANALYZER_NUMBER_OBJECT_CONVERSION = YES_AGGRESSIVE;
				CLANG_CXX_LANGUAGE_STANDARD = "gnu++14";
				CLANG_CXX_LIBRARY = "libc++";
				CLANG_ENABLE_MODULES = YES;
				CLANG_ENABLE_OBJC_ARC = YES;
				CLANG_ENABLE_OBJC_WEAK = YES;
				CLANG_WARN_BLOCK_CAPTURE_AUTORELEASING = YES;
				CLANG_WARN_BOOL_CONVERSION = YES;
				CLANG_WARN_COMMA = YES;
				CLANG_WARN_CONSTANT_CONVERSION = YES;
				CLANG_WARN_DEPRECATED_OBJC_IMPLEMENTATIONS = YES;
				CLANG_WARN_DIRECT_OBJC_ISA_USAGE = YES_ERROR;
				CLANG_WARN_DOCUMENTATION_COMMENTS = YES;
				CLANG_WARN_EMPTY_BODY = YES;
				CLANG_WARN_ENUM_CONVERSION = YES;
				CLANG_WARN_INFINITE_RECURSION = YES;
				CLANG_WARN_INT_CONVERSION = YES;
				CLANG_WARN_NON_LITERAL_NULL_CONVERSION = YES;
				CLANG_WARN_OBJC_IMPLICIT_RETAIN_SELF = YES;
				CLANG_WARN_OBJC_LITERAL_CONVERSION = YES;
				CLANG_WARN_OBJC_ROOT_CLASS = YES_ERROR;
				CLANG_WARN_QUOTED_INCLUDE_IN_FRAMEWORK_HEADER = YES;
				CLANG_WARN_RANGE_LOOP_ANALYSIS = YES;
				CLANG_WARN_STRICT_PROTOTYPES = YES;
				CLANG_WARN_SUSPICIOUS_MOVE = YES;
				CLANG_WARN_UNGUARDED_AVAILABILITY = YES_AGGRESSIVE;
				CLANG_WARN_UNREACHABLE_CODE = YES;
				CLANG_WARN__DUPLICATE_METHOD_MATCH = YES;
				COPY_PHASE_STRIP = NO;
				DEBUG_INFORMATION_FORMAT = dwarf;
				ENABLE_STRICT_OBJC_MSGSEND = YES;
				ENABLE_TESTABILITY = YES;
				GCC_C_LANGUAGE_STANDARD = gnu11;
				GCC_DYNAMIC_NO_PIC = NO;
				GCC_NO_COMMON_BLOCKS = YES;
				GCC_OPTIMIZATION_LEVEL = 0;
				GCC_PREPROCESSOR_DEFINITIONS = (
					"DEBUG=1",
					"$(inherited)",
				);
				GCC_WARN_64_TO_32_BIT_CONVERSION = YES;
				GCC_WARN_ABOUT_RETURN_TYPE = YES_ERROR;
				GCC_WARN_UNDECLARED_SELECTOR = YES;
				GCC_WARN_UNINITIALIZED_AUTOS = YES_AGGRESSIVE;
				GCC_WARN_UNUSED_FUNCTION = YES;
				GCC_WARN_UNUSED_VARIABLE = YES;
				IPHONEOS_DEPLOYMENT_TARGET = 14.5;
				MTL_ENABLE_DEBUG_INFO = INCLUDE_SOURCE;
				MTL_FAST_MATH = YES;
				ONLY_ACTIVE_ARCH = YES;
				SDKROOT = iphoneos;
				SWIFT_ACTIVE_COMPILATION_CONDITIONS = DEBUG;
				SWIFT_OPTIMIZATION_LEVEL = "-Onone";
			};
			name = Debug;
		};
		CF998AA02713809E00FD6D6A /* Release */ = {
			isa = XCBuildConfiguration;
			buildSettings = {
				ALWAYS_SEARCH_USER_PATHS = NO;
				CLANG_ANALYZER_NONNULL = YES;
				CLANG_ANALYZER_NUMBER_OBJECT_CONVERSION = YES_AGGRESSIVE;
				CLANG_CXX_LANGUAGE_STANDARD = "gnu++14";
				CLANG_CXX_LIBRARY = "libc++";
				CLANG_ENABLE_MODULES = YES;
				CLANG_ENABLE_OBJC_ARC = YES;
				CLANG_ENABLE_OBJC_WEAK = YES;
				CLANG_WARN_BLOCK_CAPTURE_AUTORELEASING = YES;
				CLANG_WARN_BOOL_CONVERSION = YES;
				CLANG_WARN_COMMA = YES;
				CLANG_WARN_CONSTANT_CONVERSION = YES;
				CLANG_WARN_DEPRECATED_OBJC_IMPLEMENTATIONS = YES;
				CLANG_WARN_DIRECT_OBJC_ISA_USAGE = YES_ERROR;
				CLANG_WARN_DOCUMENTATION_COMMENTS = YES;
				CLANG_WARN_EMPTY_BODY = YES;
				CLANG_WARN_ENUM_CONVERSION = YES;
				CLANG_WARN_INFINITE_RECURSION = YES;
				CLANG_WARN_INT_CONVERSION = YES;
				CLANG_WARN_NON_LITERAL_NULL_CONVERSION = YES;
				CLANG_WARN_OBJC_IMPLICIT_RETAIN_SELF = YES;
				CLANG_WARN_OBJC_LITERAL_CONVERSION = YES;
				CLANG_WARN_OBJC_ROOT_CLASS = YES_ERROR;
				CLANG_WARN_QUOTED_INCLUDE_IN_FRAMEWORK_HEADER = YES;
				CLANG_WARN_RANGE_LOOP_ANALYSIS = YES;
				CLANG_WARN_STRICT_PROTOTYPES = YES;
				CLANG_WARN_SUSPICIOUS_MOVE = YES;
				CLANG_WARN_UNGUARDED_AVAILABILITY = YES_AGGRESSIVE;
				CLANG_WARN_UNREACHABLE_CODE = YES;
				CLANG_WARN__DUPLICATE_METHOD_MATCH = YES;
				COPY_PHASE_STRIP = NO;
				DEBUG_INFORMATION_FORMAT = "dwarf-with-dsym";
				ENABLE_NS_ASSERTIONS = NO;
				ENABLE_STRICT_OBJC_MSGSEND = YES;
				GCC_C_LANGUAGE_STANDARD = gnu11;
				GCC_NO_COMMON_BLOCKS = YES;
				GCC_WARN_64_TO_32_BIT_CONVERSION = YES;
				GCC_WARN_ABOUT_RETURN_TYPE = YES_ERROR;
				GCC_WARN_UNDECLARED_SELECTOR = YES;
				GCC_WARN_UNINITIALIZED_AUTOS = YES_AGGRESSIVE;
				GCC_WARN_UNUSED_FUNCTION = YES;
				GCC_WARN_UNUSED_VARIABLE = YES;
				IPHONEOS_DEPLOYMENT_TARGET = 14.5;
				MTL_ENABLE_DEBUG_INFO = NO;
				MTL_FAST_MATH = YES;
				SDKROOT = iphoneos;
				SWIFT_COMPILATION_MODE = wholemodule;
				SWIFT_OPTIMIZATION_LEVEL = "-O";
				VALIDATE_PRODUCT = YES;
			};
			name = Release;
		};
		CF998AA22713809E00FD6D6A /* Debug */ = {
			isa = XCBuildConfiguration;
			buildSettings = {
				ASSETCATALOG_COMPILER_APPICON_NAME = AppIcon;
				ASSETCATALOG_COMPILER_GLOBAL_ACCENT_COLOR_NAME = AccentColor;
				CODE_SIGN_STYLE = Automatic;
				INFOPLIST_FILE = Prework/Info.plist;
				LD_RUNPATH_SEARCH_PATHS = (
					"$(inherited)",
					"@executable_path/Frameworks",
				);
				PRODUCT_BUNDLE_IDENTIFIER = jnizama.com.Prework;
				PRODUCT_NAME = "$(TARGET_NAME)";
				SWIFT_VERSION = 5.0;
				TARGETED_DEVICE_FAMILY = "1,2";
			};
			name = Debug;
		};
		CF998AA32713809E00FD6D6A /* Release */ = {
			isa = XCBuildConfiguration;
			buildSettings = {
				ASSETCATALOG_COMPILER_APPICON_NAME = AppIcon;
				ASSETCATALOG_COMPILER_GLOBAL_ACCENT_COLOR_NAME = AccentColor;
				CODE_SIGN_STYLE = Automatic;
				INFOPLIST_FILE = Prework/Info.plist;
				LD_RUNPATH_SEARCH_PATHS = (
					"$(inherited)",
					"@executable_path/Frameworks",
				);
				PRODUCT_BUNDLE_IDENTIFIER = jnizama.com.Prework;
				PRODUCT_NAME = "$(TARGET_NAME)";
				SWIFT_VERSION = 5.0;
				TARGETED_DEVICE_FAMILY = "1,2";
			};
			name = Release;
		};
		CF998AA52713809E00FD6D6A /* Debug */ = {
			isa = XCBuildConfiguration;
			buildSettings = {
				ALWAYS_EMBED_SWIFT_STANDARD_LIBRARIES = YES;
				BUNDLE_LOADER = "$(TEST_HOST)";
				CODE_SIGN_STYLE = Automatic;
				INFOPLIST_FILE = PreworkTests/Info.plist;
				IPHONEOS_DEPLOYMENT_TARGET = 14.5;
				LD_RUNPATH_SEARCH_PATHS = (
					"$(inherited)",
					"@executable_path/Frameworks",
					"@loader_path/Frameworks",
				);
				PRODUCT_BUNDLE_IDENTIFIER = jnizama.com.PreworkTests;
				PRODUCT_NAME = "$(TARGET_NAME)";
				SWIFT_VERSION = 5.0;
				TARGETED_DEVICE_FAMILY = "1,2";
				TEST_HOST = "$(BUILT_PRODUCTS_DIR)/Prework.app/Prework";
			};
			name = Debug;
		};
		CF998AA62713809E00FD6D6A /* Release */ = {
			isa = XCBuildConfiguration;
			buildSettings = {
				ALWAYS_EMBED_SWIFT_STANDARD_LIBRARIES = YES;
				BUNDLE_LOADER = "$(TEST_HOST)";
				CODE_SIGN_STYLE = Automatic;
				INFOPLIST_FILE = PreworkTests/Info.plist;
				IPHONEOS_DEPLOYMENT_TARGET = 14.5;
				LD_RUNPATH_SEARCH_PATHS = (
					"$(inherited)",
					"@executable_path/Frameworks",
					"@loader_path/Frameworks",
				);
				PRODUCT_BUNDLE_IDENTIFIER = jnizama.com.PreworkTests;
				PRODUCT_NAME = "$(TARGET_NAME)";
				SWIFT_VERSION = 5.0;
				TARGETED_DEVICE_FAMILY = "1,2";
				TEST_HOST = "$(BUILT_PRODUCTS_DIR)/Prework.app/Prework";
			};
			name = Release;
		};
		CF998AA82713809E00FD6D6A /* Debug */ = {
			isa = XCBuildConfiguration;
			buildSettings = {
				ALWAYS_EMBED_SWIFT_STANDARD_LIBRARIES = YES;
				CODE_SIGN_STYLE = Automatic;
				INFOPLIST_FILE = PreworkUITests/Info.plist;
				LD_RUNPATH_SEARCH_PATHS = (
					"$(inherited)",
					"@executable_path/Frameworks",
					"@loader_path/Frameworks",
				);
				PRODUCT_BUNDLE_IDENTIFIER = jnizama.com.PreworkUITests;
				PRODUCT_NAME = "$(TARGET_NAME)";
				SWIFT_VERSION = 5.0;
				TARGETED_DEVICE_FAMILY = "1,2";
				TEST_TARGET_NAME = Prework;
			};
			name = Debug;
		};
		CF998AA92713809E00FD6D6A /* Release */ = {
			isa = XCBuildConfiguration;
			buildSettings = {
				ALWAYS_EMBED_SWIFT_STANDARD_LIBRARIES = YES;
				CODE_SIGN_STYLE = Automatic;
				INFOPLIST_FILE = PreworkUITests/Info.plist;
				LD_RUNPATH_SEARCH_PATHS = (
					"$(inherited)",
					"@executable_path/Frameworks",
					"@loader_path/Frameworks",
				);
				PRODUCT_BUNDLE_IDENTIFIER = jnizama.com.PreworkUITests;
				PRODUCT_NAME = "$(TARGET_NAME)";
				SWIFT_VERSION = 5.0;
				TARGETED_DEVICE_FAMILY = "1,2";
				TEST_TARGET_NAME = Prework;
			};
			name = Release;
		};
/* End XCBuildConfiguration section */

/* Begin XCConfigurationList section */
		CF998A722713809C00FD6D6A /* Build configuration list for PBXProject "Prework" */ = {
			isa = XCConfigurationList;
			buildConfigurations = (
				CF998A9F2713809E00FD6D6A /* Debug */,
				CF998AA02713809E00FD6D6A /* Release */,
			);
			defaultConfigurationIsVisible = 0;
			defaultConfigurationName = Release;
		};
		CF998AA12713809E00FD6D6A /* Build configuration list for PBXNativeTarget "Prework" */ = {
			isa = XCConfigurationList;
			buildConfigurations = (
				CF998AA22713809E00FD6D6A /* Debug */,
				CF998AA32713809E00FD6D6A /* Release */,
			);
			defaultConfigurationIsVisible = 0;
			defaultConfigurationName = Release;
		};
		CF998AA42713809E00FD6D6A /* Build configuration list for PBXNativeTarget "PreworkTests" */ = {
			isa = XCConfigurationList;
			buildConfigurations = (
				CF998AA52713809E00FD6D6A /* Debug */,
				CF998AA62713809E00FD6D6A /* Release */,
			);
			defaultConfigurationIsVisible = 0;
			defaultConfigurationName = Release;
		};
		CF998AA72713809E00FD6D6A /* Build configuration list for PBXNativeTarget "PreworkUITests" */ = {
			isa = XCConfigurationList;
			buildConfigurations = (
				CF998AA82713809E00FD6D6A /* Debug */,
				CF998AA92713809E00FD6D6A /* Release */,
			);
			defaultConfigurationIsVisible = 0;
			defaultConfigurationName = Release;
		};
/* End XCConfigurationList section */
	};
	rootObject = CF998A6F2713809C00FD6D6A /* Project object */;
}
